
Microsoft Visual Studio Solution File, Format Version 12.00
# Visual Studio Express 2012 for Windows Desktop
Project("{8BC9CEB8-8B4A-11D0-8D11-00A0C91BC942}") = "FlagRTS", "FlagRTS\FlagRTS.vcxproj", "{54BC0CE3-A940-4627-83EF-B271F44214D8}"
	ProjectSection(ProjectDependencies) = postProject
		{82B92601-FF42-475D-9DE5-FC2B499D09A9} = {82B92601-FF42-475D-9DE5-FC2B499D09A9}
		{0C3DC0DF-23B1-442D-8B05-95CB284710F3} = {0C3DC0DF-23B1-442D-8B05-95CB284710F3}
		{224A53ED-629B-4FF9-AEB4-E03B23C88757} = {224A53ED-629B-4FF9-AEB4-E03B23C88757}
		{2A42AAF7-EF42-414C-BDBE-C66D692AFBFC} = {2A42AAF7-EF42-414C-BDBE-C66D692AFBFC}
	EndProjectSection
EndProject
Project("{8BC9CEB8-8B4A-11D0-8D11-00A0C91BC942}") = "Core", "Core\Core.vcxproj", "{82B92601-FF42-475D-9DE5-FC2B499D09A9}"
EndProject
Project("{8BC9CEB8-8B4A-11D0-8D11-00A0C91BC942}") = "MainMenu", "MainMenu\MainMenu.vcxproj", "{2A42AAF7-EF42-414C-BDBE-C66D692AFBFC}"
	ProjectSection(ProjectDependencies) = postProject
		{82B92601-FF42-475D-9DE5-FC2B499D09A9} = {82B92601-FF42-475D-9DE5-FC2B499D09A9}
	EndProjectSection
EndProject
Project("{8BC9CEB8-8B4A-11D0-8D11-00A0C91BC942}") = "GameCore", "GameCore\GameCore.vcxproj", "{224A53ED-629B-4FF9-AEB4-E03B23C88757}"
	ProjectSection(ProjectDependencies) = postProject
		{82B92601-FF42-475D-9DE5-FC2B499D09A9} = {82B92601-FF42-475D-9DE5-FC2B499D09A9}
		{BB1EFF14-B5C0-423B-AEC2-982EC2344BAC} = {BB1EFF14-B5C0-423B-AEC2-982EC2344BAC}
	EndProjectSection
EndProject
Project("{8BC9CEB8-8B4A-11D0-8D11-00A0C91BC942}") = "GameControl", "GameControl\GameControl.vcxproj", "{0C3DC0DF-23B1-442D-8B05-95CB284710F3}"
	ProjectSection(ProjectDependencies) = postProject
		{82B92601-FF42-475D-9DE5-FC2B499D09A9} = {82B92601-FF42-475D-9DE5-FC2B499D09A9}
		{224A53ED-629B-4FF9-AEB4-E03B23C88757} = {224A53ED-629B-4FF9-AEB4-E03B23C88757}
	EndProjectSection
EndProject
Project("{8BC9CEB8-8B4A-11D0-8D11-00A0C91BC942}") = "PathFinding", "PathFinding\PathFinding.vcxproj", "{BB1EFF14-B5C0-423B-AEC2-982EC2344BAC}"
	ProjectSection(ProjectDependencies) = postProject
		{82B92601-FF42-475D-9DE5-FC2B499D09A9} = {82B92601-FF42-475D-9DE5-FC2B499D09A9}
	EndProjectSection
EndProject
Project("{8BC9CEB8-8B4A-11D0-8D11-00A0C91BC942}") = "PathFindingTests", "PathFindingTests\PathFindingTests.vcxproj", "{4BD12F8D-E649-4DE8-A63A-EFCBE89DBFA6}"
	ProjectSection(ProjectDependencies) = postProject
		{BB1EFF14-B5C0-423B-AEC2-982EC2344BAC} = {BB1EFF14-B5C0-423B-AEC2-982EC2344BAC}
	EndProjectSection
EndProject
Project("{8BC9CEB8-8B4A-11D0-8D11-00A0C91BC942}") = "FactionHuman", "FactionHuman\FactionHuman.vcxproj", "{C72AAC09-96A8-4B51-B120-039705595072}"
	ProjectSection(ProjectDependencies) = postProject
		{82B92601-FF42-475D-9DE5-FC2B499D09A9} = {82B92601-FF42-475D-9DE5-FC2B499D09A9}
		{BB1EFF14-B5C0-423B-AEC2-982EC2344BAC} = {BB1EFF14-B5C0-423B-AEC2-982EC2344BAC}
		{224A53ED-629B-4FF9-AEB4-E03B23C88757} = {224A53ED-629B-4FF9-AEB4-E03B23C88757}
	EndProjectSection
EndProject
Global
	GlobalSection(SolutionConfigurationPlatforms) = preSolution
		Debug|Win32 = Debug|Win32
		Debug|x64 = Debug|x64
		DllExport_d|Win32 = DllExport_d|Win32
		DllExport_d|x64 = DllExport_d|x64
		PFTest|Win32 = PFTest|Win32
		PFTest|x64 = PFTest|x64
		Release|Win32 = Release|Win32
		Release|x64 = Release|x64
	EndGlobalSection
	GlobalSection(ProjectConfigurationPlatforms) = postSolution
		{54BC0CE3-A940-4627-83EF-B271F44214D8}.Debug|Win32.ActiveCfg = Debug|Win32
		{54BC0CE3-A940-4627-83EF-B271F44214D8}.Debug|Win32.Build.0 = Debug|Win32
		{54BC0CE3-A940-4627-83EF-B271F44214D8}.Debug|x64.ActiveCfg = Debug|x64
		{54BC0CE3-A940-4627-83EF-B271F44214D8}.Debug|x64.Build.0 = Debug|x64
		{54BC0CE3-A940-4627-83EF-B271F44214D8}.DllExport_d|Win32.ActiveCfg = DllExport|Win32
		{54BC0CE3-A940-4627-83EF-B271F44214D8}.DllExport_d|x64.ActiveCfg = DllExport|x64
		{54BC0CE3-A940-4627-83EF-B271F44214D8}.PFTest|Win32.ActiveCfg = PFTest|Win32
		{54BC0CE3-A940-4627-83EF-B271F44214D8}.PFTest|x64.ActiveCfg = PFTest|x64
		{54BC0CE3-A940-4627-83EF-B271F44214D8}.PFTest|x64.Build.0 = PFTest|x64
		{54BC0CE3-A940-4627-83EF-B271F44214D8}.Release|Win32.ActiveCfg = Release|Win32
		{54BC0CE3-A940-4627-83EF-B271F44214D8}.Release|Win32.Build.0 = Release|Win32
		{54BC0CE3-A940-4627-83EF-B271F44214D8}.Release|x64.ActiveCfg = Release|x64
		{54BC0CE3-A940-4627-83EF-B271F44214D8}.Release|x64.Build.0 = Release|x64
		{82B92601-FF42-475D-9DE5-FC2B499D09A9}.Debug|Win32.ActiveCfg = Debug|Win32
		{82B92601-FF42-475D-9DE5-FC2B499D09A9}.Debug|Win32.Build.0 = Debug|Win32
		{82B92601-FF42-475D-9DE5-FC2B499D09A9}.Debug|x64.ActiveCfg = Debug|x64
		{82B92601-FF42-475D-9DE5-FC2B499D09A9}.Debug|x64.Build.0 = Debug|x64
		{82B92601-FF42-475D-9DE5-FC2B499D09A9}.DllExport_d|Win32.ActiveCfg = DllExport|Win32
		{82B92601-FF42-475D-9DE5-FC2B499D09A9}.DllExport_d|x64.ActiveCfg = DllExport|x64
		{82B92601-FF42-475D-9DE5-FC2B499D09A9}.DllExport_d|x64.Build.0 = DllExport|x64
		{82B92601-FF42-475D-9DE5-FC2B499D09A9}.PFTest|Win32.ActiveCfg = PFTest|Win32
		{82B92601-FF42-475D-9DE5-FC2B499D09A9}.PFTest|x64.ActiveCfg = PFTest|x64
		{82B92601-FF42-475D-9DE5-FC2B499D09A9}.PFTest|x64.Build.0 = PFTest|x64
		{82B92601-FF42-475D-9DE5-FC2B499D09A9}.Release|Win32.ActiveCfg = Release|Win32
		{82B92601-FF42-475D-9DE5-FC2B499D09A9}.Release|Win32.Build.0 = Release|Win32
		{82B92601-FF42-475D-9DE5-FC2B499D09A9}.Release|x64.ActiveCfg = Release|x64
		{82B92601-FF42-475D-9DE5-FC2B499D09A9}.Release|x64.Build.0 = Release|x64
		{2A42AAF7-EF42-414C-BDBE-C66D692AFBFC}.Debug|Win32.ActiveCfg = Debug|Win32
		{2A42AAF7-EF42-414C-BDBE-C66D692AFBFC}.Debug|Win32.Build.0 = Debug|Win32
		{2A42AAF7-EF42-414C-BDBE-C66D692AFBFC}.Debug|x64.ActiveCfg = Debug|x64
		{2A42AAF7-EF42-414C-BDBE-C66D692AFBFC}.Debug|x64.Build.0 = Debug|x64
		{2A42AAF7-EF42-414C-BDBE-C66D692AFBFC}.DllExport_d|Win32.ActiveCfg = DllExport|Win32
		{2A42AAF7-EF42-414C-BDBE-C66D692AFBFC}.DllExport_d|x64.ActiveCfg = DllExport|x64
		{2A42AAF7-EF42-414C-BDBE-C66D692AFBFC}.PFTest|Win32.ActiveCfg = PFTest|Win32
		{2A42AAF7-EF42-414C-BDBE-C66D692AFBFC}.PFTest|x64.ActiveCfg = PFTest|x64
		{2A42AAF7-EF42-414C-BDBE-C66D692AFBFC}.PFTest|x64.Build.0 = PFTest|x64
		{2A42AAF7-EF42-414C-BDBE-C66D692AFBFC}.Release|Win32.ActiveCfg = Release|Win32
		{2A42AAF7-EF42-414C-BDBE-C66D692AFBFC}.Release|Win32.Build.0 = Release|Win32
		{2A42AAF7-EF42-414C-BDBE-C66D692AFBFC}.Release|x64.ActiveCfg = Release|x64
		{2A42AAF7-EF42-414C-BDBE-C66D692AFBFC}.Release|x64.Build.0 = Release|x64
		{224A53ED-629B-4FF9-AEB4-E03B23C88757}.Debug|Win32.ActiveCfg = Debug|Win32
		{224A53ED-629B-4FF9-AEB4-E03B23C88757}.Debug|Win32.Build.0 = Debug|Win32
		{224A53ED-629B-4FF9-AEB4-E03B23C88757}.Debug|x64.ActiveCfg = Debug|x64
		{224A53ED-629B-4FF9-AEB4-E03B23C88757}.Debug|x64.Build.0 = Debug|x64
		{224A53ED-629B-4FF9-AEB4-E03B23C88757}.DllExport_d|Win32.ActiveCfg = DllExport|Win32
		{224A53ED-629B-4FF9-AEB4-E03B23C88757}.DllExport_d|x64.ActiveCfg = DllExport|x64
		{224A53ED-629B-4FF9-AEB4-E03B23C88757}.DllExport_d|x64.Build.0 = DllExport|x64
		{224A53ED-629B-4FF9-AEB4-E03B23C88757}.PFTest|Win32.ActiveCfg = PFTest|Win32
		{224A53ED-629B-4FF9-AEB4-E03B23C88757}.PFTest|x64.ActiveCfg = PFTest|x64
		{224A53ED-629B-4FF9-AEB4-E03B23C88757}.PFTest|x64.Build.0 = PFTest|x64
		{224A53ED-629B-4FF9-AEB4-E03B23C88757}.Release|Win32.ActiveCfg = Release|Win32
		{224A53ED-629B-4FF9-AEB4-E03B23C88757}.Release|Win32.Build.0 = Release|Win32
		{224A53ED-629B-4FF9-AEB4-E03B23C88757}.Release|x64.ActiveCfg = Release|x64
		{224A53ED-629B-4FF9-AEB4-E03B23C88757}.Release|x64.Build.0 = Release|x64
		{0C3DC0DF-23B1-442D-8B05-95CB284710F3}.Debug|Win32.ActiveCfg = Debug|Win32
		{0C3DC0DF-23B1-442D-8B05-95CB284710F3}.Debug|Win32.Build.0 = Debug|Win32
		{0C3DC0DF-23B1-442D-8B05-95CB284710F3}.Debug|x64.ActiveCfg = Debug|x64
		{0C3DC0DF-23B1-442D-8B05-95CB284710F3}.Debug|x64.Build.0 = Debug|x64
		{0C3DC0DF-23B1-442D-8B05-95CB284710F3}.DllExport_d|Win32.ActiveCfg = DllExport|Win32
		{0C3DC0DF-23B1-442D-8B05-95CB284710F3}.DllExport_d|x64.ActiveCfg = DllExport|x64
		{0C3DC0DF-23B1-442D-8B05-95CB284710F3}.PFTest|Win32.ActiveCfg = PFTest|Win32
		{0C3DC0DF-23B1-442D-8B05-95CB284710F3}.PFTest|x64.ActiveCfg = PFTest|x64
		{0C3DC0DF-23B1-442D-8B05-95CB284710F3}.PFTest|x64.Build.0 = PFTest|x64
		{0C3DC0DF-23B1-442D-8B05-95CB284710F3}.Release|Win32.ActiveCfg = Release|Win32
		{0C3DC0DF-23B1-442D-8B05-95CB284710F3}.Release|Win32.Build.0 = Release|Win32
		{0C3DC0DF-23B1-442D-8B05-95CB284710F3}.Release|x64.ActiveCfg = Release|x64
		{0C3DC0DF-23B1-442D-8B05-95CB284710F3}.Release|x64.Build.0 = Release|x64
		{BB1EFF14-B5C0-423B-AEC2-982EC2344BAC}.Debug|Win32.ActiveCfg = Debug|Win32
		{BB1EFF14-B5C0-423B-AEC2-982EC2344BAC}.Debug|Win32.Build.0 = Debug|Win32
		{BB1EFF14-B5C0-423B-AEC2-982EC2344BAC}.Debug|x64.ActiveCfg = Debug|x64
		{BB1EFF14-B5C0-423B-AEC2-982EC2344BAC}.Debug|x64.Build.0 = Debug|x64
		{BB1EFF14-B5C0-423B-AEC2-982EC2344BAC}.DllExport_d|Win32.ActiveCfg = DllExport|Win32
		{BB1EFF14-B5C0-423B-AEC2-982EC2344BAC}.DllExport_d|x64.ActiveCfg = DllExport|x64
		{BB1EFF14-B5C0-423B-AEC2-982EC2344BAC}.DllExport_d|x64.Build.0 = DllExport|x64
		{BB1EFF14-B5C0-423B-AEC2-982EC2344BAC}.PFTest|Win32.ActiveCfg = PFTest|Win32
		{BB1EFF14-B5C0-423B-AEC2-982EC2344BAC}.PFTest|Win32.Build.0 = PFTest|Win32
		{BB1EFF14-B5C0-423B-AEC2-982EC2344BAC}.PFTest|x64.ActiveCfg = PFTest|x64
		{BB1EFF14-B5C0-423B-AEC2-982EC2344BAC}.PFTest|x64.Build.0 = PFTest|x64
		{BB1EFF14-B5C0-423B-AEC2-982EC2344BAC}.Release|Win32.ActiveCfg = Release|Win32
		{BB1EFF14-B5C0-423B-AEC2-982EC2344BAC}.Release|Win32.Build.0 = Release|Win32
		{BB1EFF14-B5C0-423B-AEC2-982EC2344BAC}.Release|x64.ActiveCfg = Release|x64
		{BB1EFF14-B5C0-423B-AEC2-982EC2344BAC}.Release|x64.Build.0 = Release|x64
		{4BD12F8D-E649-4DE8-A63A-EFCBE89DBFA6}.Debug|Win32.ActiveCfg = Debug|Win32
		{4BD12F8D-E649-4DE8-A63A-EFCBE89DBFA6}.Debug|x64.ActiveCfg = Debug|x64
		{4BD12F8D-E649-4DE8-A63A-EFCBE89DBFA6}.DllExport_d|Win32.ActiveCfg = DllExport|Win32
		{4BD12F8D-E649-4DE8-A63A-EFCBE89DBFA6}.DllExport_d|x64.ActiveCfg = DllExport|x64
		{4BD12F8D-E649-4DE8-A63A-EFCBE89DBFA6}.PFTest|Win32.ActiveCfg = PFTest|Win32
		{4BD12F8D-E649-4DE8-A63A-EFCBE89DBFA6}.PFTest|Win32.Build.0 = PFTest|Win32
		{4BD12F8D-E649-4DE8-A63A-EFCBE89DBFA6}.PFTest|x64.ActiveCfg = PFTest|x64
		{4BD12F8D-E649-4DE8-A63A-EFCBE89DBFA6}.PFTest|x64.Build.0 = PFTest|x64
		{4BD12F8D-E649-4DE8-A63A-EFCBE89DBFA6}.Release|Win32.ActiveCfg = Release|Win32
		{4BD12F8D-E649-4DE8-A63A-EFCBE89DBFA6}.Release|x64.ActiveCfg = Release|x64
		{C72AAC09-96A8-4B51-B120-039705595072}.Debug|Win32.ActiveCfg = Debug|Win32
		{C72AAC09-96A8-4B51-B120-039705595072}.Debug|Win32.Build.0 = Debug|Win32
		{C72AAC09-96A8-4B51-B120-039705595072}.Debug|x64.ActiveCfg = Debug|Win32
		{C72AAC09-96A8-4B51-B120-039705595072}.DllExport_d|Win32.ActiveCfg = DllExport|Win32
		{C72AAC09-96A8-4B51-B120-039705595072}.DllExport_d|Win32.Build.0 = DllExport|Win32
		{C72AAC09-96A8-4B51-B120-039705595072}.DllExport_d|x64.ActiveCfg = DllExport|x64
		{C72AAC09-96A8-4B51-B120-039705595072}.DllExport_d|x64.Build.0 = DllExport|x64
		{C72AAC09-96A8-4B51-B120-039705595072}.PFTest|Win32.ActiveCfg = PFTest|Win32
		{C72AAC09-96A8-4B51-B120-039705595072}.PFTest|x64.ActiveCfg = PFTest|x64
		{C72AAC09-96A8-4B51-B120-039705595072}.PFTest|x64.Build.0 = PFTest|x64
		{C72AAC09-96A8-4B51-B120-039705595072}.Release|Win32.ActiveCfg = Release|Win32
		{C72AAC09-96A8-4B51-B120-039705595072}.Release|Win32.Build.0 = Release|Win32
		{C72AAC09-96A8-4B51-B120-039705595072}.Release|x64.ActiveCfg = Release|Win32
	EndGlobalSection
	GlobalSection(SolutionProperties) = preSolution
		HideSolutionNode = FALSE
	EndGlobalSection
EndGlobal
