<?xml version="1.0" encoding="utf-8"?>
<Project ToolsVersion="4.0" xmlns="http://schemas.microsoft.com/developer/msbuild/2003">
  <ItemGroup>
    <Filter Include="Source Files">
      <UniqueIdentifier>{4FC737F1-C7A5-4376-A066-2A32D752A2FF}</UniqueIdentifier>
      <Extensions>cpp;c;cc;cxx;def;odl;idl;hpj;bat;asm;asmx</Extensions>
    </Filter>
    <Filter Include="Header Files">
      <UniqueIdentifier>{93995380-89BD-4b04-88EB-625FBE52EBFB}</UniqueIdentifier>
      <Extensions>h;hpp;hxx;hm;inl;inc;xsd</Extensions>
    </Filter>
    <Filter Include="Resource Files">
      <UniqueIdentifier>{67DA6AB6-F800-4c08-8B7A-83BB121AAD01}</UniqueIdentifier>
      <Extensions>rc;ico;cur;bmp;dlg;rc2;rct;bin;rgs;gif;jpg;jpeg;jpe;resx;tiff;tif;png;wav;mfcribbon-ms</Extensions>
    </Filter>
    <Filter Include="Header Files\Audio">
      <UniqueIdentifier>{94e26f1f-35a8-449a-95b3-a8984173c3b6}</UniqueIdentifier>
    </Filter>
    <Filter Include="Source Files\AudioSrc">
      <UniqueIdentifier>{e2016d29-c982-455c-9158-d67166657ddb}</UniqueIdentifier>
    </Filter>
    <Filter Include="Header Files\Cursor">
      <UniqueIdentifier>{2a9e90ce-7a47-4c8b-8c69-2f384cb7f21d}</UniqueIdentifier>
    </Filter>
    <Filter Include="Header Files\Settings">
      <UniqueIdentifier>{78dd0ca6-6cdc-4981-8477-12f7e201076b}</UniqueIdentifier>
    </Filter>
    <Filter Include="Header Files\Memory">
      <UniqueIdentifier>{28a28d8c-c908-4c3a-ab17-11c3fe2538fc}</UniqueIdentifier>
    </Filter>
    <Filter Include="Source Files\Memory">
      <UniqueIdentifier>{d6a2aeed-96b1-46a4-8179-55d8181098de}</UniqueIdentifier>
    </Filter>
    <Filter Include="Header Files\Containers">
      <UniqueIdentifier>{0e458042-7a38-40fe-807c-58e815a949e8}</UniqueIdentifier>
    </Filter>
    <Filter Include="Header Files\Gui">
      <UniqueIdentifier>{7bc8eb6a-4da7-493f-8008-c88354b05148}</UniqueIdentifier>
    </Filter>
    <Filter Include="Source Files\GUi">
      <UniqueIdentifier>{1f265e59-3cfc-4019-85b0-cc303543dbf9}</UniqueIdentifier>
    </Filter>
  </ItemGroup>
  <ItemGroup>
    <ClInclude Include="InputManager.h">
      <Filter>Header Files</Filter>
    </ClInclude>
    <ClInclude Include="TypeDefs.h">
      <Filter>Header Files</Filter>
    </ClInclude>
    <ClInclude Include="Configuration.h">
      <Filter>Header Files</Filter>
    </ClInclude>
    <ClInclude Include="Pointers.h">
      <Filter>Header Files</Filter>
    </ClInclude>
    <ClInclude Include="ConfigurationManager.h">
      <Filter>Header Files</Filter>
    </ClInclude>
    <ClInclude Include="Clock.h">
      <Filter>Header Files</Filter>
    </ClInclude>
    <ClInclude Include="ThreadManager.h">
      <Filter>Header Files</Filter>
    </ClInclude>
    <ClInclude Include="ErrorManager.h">
      <Filter>Header Files</Filter>
    </ClInclude>
    <ClInclude Include="LogManager.h">
      <Filter>Header Files</Filter>
    </ClInclude>
    <ClInclude Include="ErrorCodes.h">
      <Filter>Header Files</Filter>
    </ClInclude>
    <ClInclude Include="Thread.h">
      <Filter>Header Files</Filter>
    </ClInclude>
    <ClInclude Include="LocalizationManager.h">
      <Filter>Header Files</Filter>
    </ClInclude>
    <ClInclude Include="GenericManager.h">
      <Filter>Header Files</Filter>
    </ClInclude>
    <ClInclude Include="RenderSystemManager.h">
      <Filter>Header Files</Filter>
    </ClInclude>
    <ClInclude Include="AudioManager.h">
      <Filter>Header Files\Audio</Filter>
    </ClInclude>
    <ClInclude Include="Sound.h">
      <Filter>Header Files\Audio</Filter>
    </ClInclude>
    <ClInclude Include="SoundFactory.h">
      <Filter>Header Files\Audio</Filter>
    </ClInclude>
    <ClInclude Include="CursorImageWin32.h">
      <Filter>Header Files\Cursor</Filter>
    </ClInclude>
    <ClInclude Include="CursorManager.h">
      <Filter>Header Files\Cursor</Filter>
    </ClInclude>
    <ClInclude Include="Xml.h">
      <Filter>Header Files</Filter>
    </ClInclude>
    <ClInclude Include="TypeId.h">
      <Filter>Header Files</Filter>
    </ClInclude>
    <ClInclude Include="ObjectHandle.h">
      <Filter>Header Files</Filter>
    </ClInclude>
    <ClInclude Include="SystemSettings.h">
      <Filter>Header Files\Settings</Filter>
    </ClInclude>
    <ClInclude Include="VideoSettings.h">
      <Filter>Header Files\Settings</Filter>
    </ClInclude>
    <ClInclude Include="AudioSettings.h">
      <Filter>Header Files\Settings</Filter>
    </ClInclude>
    <ClInclude Include="GameSettings.h">
      <Filter>Header Files\Settings</Filter>
    </ClInclude>
    <ClInclude Include="InputSettings.h">
      <Filter>Header Files\Settings</Filter>
    </ClInclude>
    <ClInclude Include="CameraSettings.h">
      <Filter>Header Files\Settings</Filter>
    </ClInclude>
    <ClInclude Include="KeyBindings.h">
      <Filter>Header Files\Settings</Filter>
    </ClInclude>
    <ClInclude Include="Event.h">
      <Filter>Header Files</Filter>
    </ClInclude>
    <ClInclude Include="Allocator.h">
      <Filter>Header Files\Memory</Filter>
    </ClInclude>
    <ClInclude Include="MemoryNode.h">
      <Filter>Header Files\Memory</Filter>
    </ClInclude>
    <ClInclude Include="MemoryPool.h">
      <Filter>Header Files\Memory</Filter>
    </ClInclude>
    <ClInclude Include="SimpleType.h">
      <Filter>Header Files\Memory</Filter>
    </ClInclude>
    <ClInclude Include="MemoryChunk.h">
      <Filter>Header Files\Memory</Filter>
    </ClInclude>
    <ClInclude Include="Memory.h">
      <Filter>Header Files\Memory</Filter>
    </ClInclude>
    <ClInclude Include="StdAllocator.h">
      <Filter>Header Files\Memory</Filter>
    </ClInclude>
    <ClInclude Include="MemoryPoolAllocator.h">
      <Filter>Header Files\Memory</Filter>
    </ClInclude>
    <ClInclude Include="ObjectNode.h">
      <Filter>Header Files\Memory</Filter>
    </ClInclude>
    <ClInclude Include="ObjectPool.h">
      <Filter>Header Files\Memory</Filter>
    </ClInclude>
    <ClInclude Include="ObjectPoolHandle.h">
      <Filter>Header Files\Memory</Filter>
    </ClInclude>
    <ClInclude Include="ObjectPoolAllocator.h">
      <Filter>Header Files\Memory</Filter>
    </ClInclude>
    <ClInclude Include="Exception.h">
      <Filter>Header Files</Filter>
    </ClInclude>
    <ClInclude Include="CursorContext.h">
      <Filter>Header Files\Cursor</Filter>
    </ClInclude>
    <ClInclude Include="AllocatorStdWrapper.h">
      <Filter>Header Files\Memory</Filter>
    </ClInclude>
    <ClInclude Include="Profiler.h">
      <Filter>Header Files</Filter>
    </ClInclude>
    <ClInclude Include="DllPlugin.h">
      <Filter>Header Files</Filter>
    </ClInclude>
    <ClInclude Include="Array.h">
      <Filter>Header Files\Containers</Filter>
    </ClInclude>
    <ClInclude Include="KeyValMap.h">
      <Filter>Header Files\Containers</Filter>
    </ClInclude>
    <ClInclude Include="Iterators.h">
      <Filter>Header Files\Containers</Filter>
    </ClInclude>
    <ClInclude Include="List.h">
      <Filter>Header Files\Containers</Filter>
    </ClInclude>
    <ClInclude Include="HashMap.h">
      <Filter>Header Files\Containers</Filter>
    </ClInclude>
    <ClInclude Include="OrderedMap.h">
      <Filter>Header Files\Containers</Filter>
    </ClInclude>
    <ClInclude Include="UnorderedArrayMap.h">
      <Filter>Header Files\Containers</Filter>
    </ClInclude>
    <ClInclude Include="ArrayMap.h">
      <Filter>Header Files\Containers</Filter>
    </ClInclude>
    <ClInclude Include="IntVector2.h">
      <Filter>Header Files</Filter>
    </ClInclude>
    <ClInclude Include="AudioPreReqs.h">
      <Filter>Header Files\Audio</Filter>
    </ClInclude>
    <ClInclude Include="OggSound.h">
      <Filter>Header Files\Audio</Filter>
    </ClInclude>
    <ClInclude Include="SoundListener.h">
      <Filter>Header Files\Audio</Filter>
    </ClInclude>
    <ClInclude Include="SoundSource.h">
      <Filter>Header Files\Audio</Filter>
    </ClInclude>
    <ClInclude Include="WavSound.h">
      <Filter>Header Files\Audio</Filter>
    </ClInclude>
    <ClInclude Include="ISoundPlayer.h">
      <Filter>Header Files\Audio</Filter>
    </ClInclude>
    <ClInclude Include="SoundPlayers.h">
      <Filter>Header Files\Audio</Filter>
    </ClInclude>
    <ClInclude Include="SoundChannel.h">
      <Filter>Header Files\Audio</Filter>
    </ClInclude>
    <ClInclude Include="StringUtils.h">
      <Filter>Header Files</Filter>
    </ClInclude>
    <ClInclude Include="Managers.h">
      <Filter>Header Files</Filter>
    </ClInclude>
    <ClInclude Include="GUI.h">
      <Filter>Header Files\Gui</Filter>
    </ClInclude>
    <ClInclude Include="GUIManager.h">
      <Filter>Header Files\Gui</Filter>
    </ClInclude>
    <ClInclude Include="SliderControl.h">
      <Filter>Header Files\Gui</Filter>
    </ClInclude>
    <ClInclude Include="FileBrowser.h">
      <Filter>Header Files\Gui</Filter>
    </ClInclude>
    <ClInclude Include="GuiElement.h">
      <Filter>Header Files\Gui</Filter>
    </ClInclude>
    <ClInclude Include="GuiTooltip.h">
      <Filter>Header Files\Gui</Filter>
    </ClInclude>
    <ClInclude Include="Array2d.h">
      <Filter>Header Files</Filter>
    </ClInclude>
    <ClInclude Include="Input.h">
      <Filter>Header Files</Filter>
    </ClInclude>
    <ClInclude Include="Any.h">
      <Filter>Header Files</Filter>
    </ClInclude>
    <ClInclude Include="Meta.h">
      <Filter>Header Files</Filter>
    </ClInclude>
  </ItemGroup>
  <ItemGroup>
    <ClCompile Include="InputManager.cpp">
      <Filter>Source Files</Filter>
    </ClCompile>
    <ClCompile Include="Configuration.cpp">
      <Filter>Source Files</Filter>
    </ClCompile>
    <ClCompile Include="ConfigurationManager.cpp">
      <Filter>Source Files</Filter>
    </ClCompile>
    <ClCompile Include="LogManager.cpp">
      <Filter>Source Files</Filter>
    </ClCompile>
    <ClCompile Include="ErrorManager.cpp">
      <Filter>Source Files</Filter>
    </ClCompile>
    <ClCompile Include="ThreadManager.cpp">
      <Filter>Source Files</Filter>
    </ClCompile>
    <ClCompile Include="Thread.cpp">
      <Filter>Source Files</Filter>
    </ClCompile>
    <ClCompile Include="LocalizationManager.cpp">
      <Filter>Source Files</Filter>
    </ClCompile>
    <ClCompile Include="CursorManager.cpp">
      <Filter>Source Files</Filter>
    </ClCompile>
    <ClCompile Include="CursorImageWin32.cpp">
      <Filter>Source Files</Filter>
    </ClCompile>
    <ClCompile Include="RenderSystemManager.cpp">
      <Filter>Source Files</Filter>
    </ClCompile>
    <ClCompile Include="AudioManager.cpp">
      <Filter>Source Files\AudioSrc</Filter>
    </ClCompile>
    <ClCompile Include="Sound.cpp">
      <Filter>Source Files\AudioSrc</Filter>
    </ClCompile>
    <ClCompile Include="SoundFactory.cpp">
      <Filter>Source Files\AudioSrc</Filter>
    </ClCompile>
    <ClCompile Include="Xml.cpp">
      <Filter>Source Files</Filter>
    </ClCompile>
    <ClCompile Include="SystemSettings.cpp">
      <Filter>Source Files</Filter>
    </ClCompile>
    <ClCompile Include="KeyBindings.cpp">
      <Filter>Source Files</Filter>
    </ClCompile>
    <ClCompile Include="Allocator.cpp">
      <Filter>Source Files\Memory</Filter>
    </ClCompile>
    <ClCompile Include="MemoryPool.cpp">
      <Filter>Source Files\Memory</Filter>
    </ClCompile>
    <ClCompile Include="MemoryNode.cpp">
      <Filter>Source Files\Memory</Filter>
    </ClCompile>
    <ClCompile Include="ObjectNode.cpp">
      <Filter>Source Files\Memory</Filter>
    </ClCompile>
    <ClCompile Include="ObjectPool.cpp">
      <Filter>Source Files\Memory</Filter>
    </ClCompile>
    <ClCompile Include="Exception.cpp">
      <Filter>Source Files</Filter>
    </ClCompile>
    <ClCompile Include="InputState.cpp">
      <Filter>Source Files</Filter>
    </ClCompile>
    <ClCompile Include="CursorContext.cpp">
      <Filter>Source Files</Filter>
    </ClCompile>
    <ClCompile Include="Profiler.cpp">
      <Filter>Source Files</Filter>
    </ClCompile>
    <ClCompile Include="DllPlugin.cpp">
      <Filter>Source Files</Filter>
    </ClCompile>
    <ClCompile Include="OggSound.cpp">
      <Filter>Source Files\AudioSrc</Filter>
    </ClCompile>
    <ClCompile Include="SoundListener.cpp">
      <Filter>Source Files\AudioSrc</Filter>
    </ClCompile>
    <ClCompile Include="SoundSource.cpp">
      <Filter>Source Files\AudioSrc</Filter>
    </ClCompile>
    <ClCompile Include="WavSound.cpp">
      <Filter>Source Files\AudioSrc</Filter>
    </ClCompile>
    <ClCompile Include="ISoundPlayer.cpp">
      <Filter>Source Files\AudioSrc</Filter>
    </ClCompile>
    <ClCompile Include="SoundPlayers.cpp">
      <Filter>Source Files\AudioSrc</Filter>
    </ClCompile>
    <ClCompile Include="SoundChannel.cpp">
      <Filter>Source Files\AudioSrc</Filter>
    </ClCompile>
    <ClCompile Include="TypeId.cpp">
      <Filter>Source Files</Filter>
    </ClCompile>
    <ClCompile Include="GUIManager.cpp">
      <Filter>Source Files\GUi</Filter>
    </ClCompile>
    <ClCompile Include="GUI.cpp">
      <Filter>Source Files\GUi</Filter>
    </ClCompile>
    <ClCompile Include="FileBrowser.cpp">
      <Filter>Source Files\GUi</Filter>
    </ClCompile>
    <ClCompile Include="SliderControl.cpp">
      <Filter>Source Files\GUi</Filter>
    </ClCompile>
    <ClCompile Include="GuiElement.cpp">
      <Filter>Source Files\GUi</Filter>
    </ClCompile>
  </ItemGroup>
</Project>